
Microsoft Visual Studio Solution File, Format Version 12.00
# Visual Studio Version 16
VisualStudioVersion = 16.0.29306.81
MinimumVisualStudioVersion = 10.0.40219.1
Project("{9A19103F-16F7-4668-BE54-9A1E7A4F7556}") = "Frontend", "Frontend\Frontend.csproj", "{B7DFF1A7-8A85-40F0-BE84-4B2597E8FDE9}"
EndProject
Project("{FAE04EC0-301F-11D3-BF4B-00C04F79EFBC}") = "TestProject", "TestProject\TestProject.csproj", "{E5476723-34EF-48F5-8336-5D4660ADF2CA}"
EndProject
Global
	GlobalSection(SolutionConfigurationPlatforms) = preSolution
		Debug|Any CPU = Debug|Any CPU
		Release|Any CPU = Release|Any CPU
	EndGlobalSection
	GlobalSection(ProjectConfigurationPlatforms) = postSolution
		{B7DFF1A7-8A85-40F0-BE84-4B2597E8FDE9}.Debug|Any CPU.ActiveCfg = Debug|Any CPU
		{B7DFF1A7-8A85-40F0-BE84-4B2597E8FDE9}.Debug|Any CPU.Build.0 = Debug|Any CPU
		{B7DFF1A7-8A85-40F0-BE84-4B2597E8FDE9}.Release|Any CPU.ActiveCfg = Release|Any CPU
		{B7DFF1A7-8A85-40F0-BE84-4B2597E8FDE9}.Release|Any CPU.Build.0 = Release|Any CPU
		{E5476723-34EF-48F5-8336-5D4660ADF2CA}.Debug|Any CPU.ActiveCfg = Debug|Any CPU
		{E5476723-34EF-48F5-8336-5D4660ADF2CA}.Debug|Any CPU.Build.0 = Debug|Any CPU
		{E5476723-34EF-48F5-8336-5D4660ADF2CA}.Release|Any CPU.ActiveCfg = Release|Any CPU
		{E5476723-34EF-48F5-8336-5D4660ADF2CA}.Release|Any CPU.Build.0 = Release|Any CPU
	EndGlobalSection
	GlobalSection(SolutionProperties) = preSolution
		HideSolutionNode = FALSE
	EndGlobalSection
	GlobalSection(ExtensibilityGlobals) = postSolution
		SolutionGuid = {FDEC7FFB-7393-4257-B609-B93ED288FE78}
	EndGlobalSection
EndGlobal
